
Microsoft Visual Studio Solution File, Format Version 12.00
# Visual Studio Version 16
VisualStudioVersion = 16.0.31112.23
MinimumVisualStudioVersion = 10.0.40219.1
Project("{FAE04EC0-301F-11D3-BF4B-00C04F79EFBC}") = "consolaCurso", "consolaCurso.csproj", "{201DA202-AC95-465E-BCAF-CC84FF897178}"
EndProject
Global
	GlobalSection(SolutionConfigurationPlatforms) = preSolution
		Debug|Any CPU = Debug|Any CPU
		Release|Any CPU = Release|Any CPU
	EndGlobalSection
	GlobalSection(ProjectConfigurationPlatforms) = postSolution
		{201DA202-AC95-465E-BCAF-CC84FF897178}.Debug|Any CPU.ActiveCfg = Debug|Any CPU
		{201DA202-AC95-465E-BCAF-CC84FF897178}.Debug|Any CPU.Build.0 = Debug|Any CPU
		{201DA202-AC95-465E-BCAF-CC84FF897178}.Release|Any CPU.ActiveCfg = Release|Any CPU
		{201DA202-AC95-465E-BCAF-CC84FF897178}.Release|Any CPU.Build.0 = Release|Any CPU
	EndGlobalSection
	GlobalSection(SolutionProperties) = preSolution
		HideSolutionNode = FALSE
	EndGlobalSection
	GlobalSection(ExtensibilityGlobals) = postSolution
		SolutionGuid = {67A284FA-A34B-403B-80AF-C4D24CA451FD}
	EndGlobalSection
EndGlobal
